// !$*UTF8*$!
{
	archiveVersion = 1;
	classes = {
	};
	objectVersion = 50;
	objects = {

/* Begin PBXBuildFile section */
		A11DC62E249129820044F5C2 /* AppDelegate.swift in Sources */ = {isa = PBXBuildFile; fileRef = A11DC62D249129820044F5C2 /* AppDelegate.swift */; };
		A11DC630249129820044F5C2 /* SceneDelegate.swift in Sources */ = {isa = PBXBuildFile; fileRef = A11DC62F249129820044F5C2 /* SceneDelegate.swift */; };
		A11DC632249129820044F5C2 /* ViewController.swift in Sources */ = {isa = PBXBuildFile; fileRef = A11DC631249129820044F5C2 /* ViewController.swift */; };
		A11DC635249129820044F5C2 /* Main.storyboard in Resources */ = {isa = PBXBuildFile; fileRef = A11DC633249129820044F5C2 /* Main.storyboard */; };
		A11DC637249129850044F5C2 /* Assets.xcassets in Resources */ = {isa = PBXBuildFile; fileRef = A11DC636249129850044F5C2 /* Assets.xcassets */; };
		A11DC63A249129850044F5C2 /* LaunchScreen.storyboard in Resources */ = {isa = PBXBuildFile; fileRef = A11DC638249129850044F5C2 /* LaunchScreen.storyboard */; };
		A142C7502491407700E8B9B4 /* CatDogClassifier.mlmodel in Sources */ = {isa = PBXBuildFile; fileRef = A142C74F2491407700E8B9B4 /* CatDogClassifier.mlmodel */; };
		A142C752249141B400E8B9B4 /* AnimalDetector.swift in Sources */ = {isa = PBXBuildFile; fileRef = A142C751249141B400E8B9B4 /* AnimalDetector.swift */; };
/* End PBXBuildFile section */

/* Begin PBXFileReference section */
		A11DC62A249129820044F5C2 /* MLDemo.app */ = {isa = PBXFileReference; explicitFileType = wrapper.application; includeInIndex = 0; path = MLDemo.app; sourceTree = BUILT_PRODUCTS_DIR; };
		A11DC62D249129820044F5C2 /* AppDelegate.swift */ = {isa = PBXFileReference; lastKnownFileType = sourcecode.swift; path = AppDelegate.swift; sourceTree = "<group>"; };
		A11DC62F249129820044F5C2 /* SceneDelegate.swift */ = {isa = PBXFileReference; lastKnownFileType = sourcecode.swift; path = SceneDelegate.swift; sourceTree = "<group>"; };
		A11DC631249129820044F5C2 /* ViewController.swift */ = {isa = PBXFileReference; lastKnownFileType = sourcecode.swift; path = ViewController.swift; sourceTree = "<group>"; };
		A11DC634249129820044F5C2 /* Base */ = {isa = PBXFileReference; lastKnownFileType = file.storyboard; name = Base; path = Base.lproj/Main.storyboard; sourceTree = "<group>"; };
		A11DC636249129850044F5C2 /* Assets.xcassets */ = {isa = PBXFileReference; lastKnownFileType = folder.assetcatalog; path = Assets.xcassets; sourceTree = "<group>"; };
		A11DC639249129850044F5C2 /* Base */ = {isa = PBXFileReference; lastKnownFileType = file.storyboard; name = Base; path = Base.lproj/LaunchScreen.storyboard; sourceTree = "<group>"; };
		A11DC63B249129850044F5C2 /* Info.plist */ = {isa = PBXFileReference; lastKnownFileType = text.plist.xml; path = Info.plist; sourceTree = "<group>"; };
		A142C74F2491407700E8B9B4 /* CatDogClassifier.mlmodel */ = {isa = PBXFileReference; lastKnownFileType = file.mlmodel; path = CatDogClassifier.mlmodel; sourceTree = "<group>"; };
		A142C751249141B400E8B9B4 /* AnimalDetector.swift */ = {isa = PBXFileReference; lastKnownFileType = sourcecode.swift; path = AnimalDetector.swift; sourceTree = "<group>"; };
/* End PBXFileReference section */

/* Begin PBXFrameworksBuildPhase section */
		A11DC627249129820044F5C2 /* Frameworks */ = {
			isa = PBXFrameworksBuildPhase;
			buildActionMask = 2147483647;
			files = (
			);
			runOnlyForDeploymentPostprocessing = 0;
		};
/* End PBXFrameworksBuildPhase section */

/* Begin PBXGroup section */
		A11DC621249129820044F5C2 = {
			isa = PBXGroup;
			children = (
				A11DC62C249129820044F5C2 /* MLDemo */,
				A11DC62B249129820044F5C2 /* Products */,
			);
			sourceTree = "<group>";
		};
		A11DC62B249129820044F5C2 /* Products */ = {
			isa = PBXGroup;
			children = (
				A11DC62A249129820044F5C2 /* MLDemo.app */,
			);
			name = Products;
			sourceTree = "<group>";
		};
		A11DC62C249129820044F5C2 /* MLDemo */ = {
			isa = PBXGroup;
			children = (
				A142C74F2491407700E8B9B4 /* CatDogClassifier.mlmodel */,
				A11DC62D249129820044F5C2 /* AppDelegate.swift */,
				A11DC62F249129820044F5C2 /* SceneDelegate.swift */,
				A11DC631249129820044F5C2 /* ViewController.swift */,
				A142C751249141B400E8B9B4 /* AnimalDetector.swift */,
				A11DC633249129820044F5C2 /* Main.storyboard */,
				A11DC636249129850044F5C2 /* Assets.xcassets */,
				A11DC638249129850044F5C2 /* LaunchScreen.storyboard */,
				A11DC63B249129850044F5C2 /* Info.plist */,
			);
			path = MLDemo;
			sourceTree = "<group>";
		};
/* End PBXGroup section */

/* Begin PBXNativeTarget section */
		A11DC629249129820044F5C2 /* MLDemo */ = {
			isa = PBXNativeTarget;
			buildConfigurationList = A11DC63E249129850044F5C2 /* Build configuration list for PBXNativeTarget "MLDemo" */;
			buildPhases = (
				A11DC626249129820044F5C2 /* Sources */,
				A11DC627249129820044F5C2 /* Frameworks */,
				A11DC628249129820044F5C2 /* Resources */,
			);
			buildRules = (
			);
			dependencies = (
			);
			name = MLDemo;
			productName = MLDemo;
			productReference = A11DC62A249129820044F5C2 /* MLDemo.app */;
			productType = "com.apple.product-type.application";
		};
/* End PBXNativeTarget section */

/* Begin PBXProject section */
		A11DC622249129820044F5C2 /* Project object */ = {
			isa = PBXProject;
			attributes = {
				LastSwiftUpdateCheck = 1130;
				LastUpgradeCheck = 1130;
				ORGANIZATIONNAME = "Hazem Mohammed";
				TargetAttributes = {
					A11DC629249129820044F5C2 = {
						CreatedOnToolsVersion = 11.3;
					};
				};
			};
			buildConfigurationList = A11DC625249129820044F5C2 /* Build configuration list for PBXProject "MLDemo" */;
			compatibilityVersion = "Xcode 9.3";
			developmentRegion = en;
			hasScannedForEncodings = 0;
			knownRegions = (
				en,
				Base,
			);
			mainGroup = A11DC621249129820044F5C2;
			productRefGroup = A11DC62B249129820044F5C2 /* Products */;
			projectDirPath = "";
			projectRoot = "";
			targets = (
				A11DC629249129820044F5C2 /* MLDemo */,
			);
		};
/* End PBXProject section */

/* Begin PBXResourcesBuildPhase section */
		A11DC628249129820044F5C2 /* Resources */ = {
			isa = PBXResourcesBuildPhase;
			buildActionMask = 2147483647;
			files = (
				A11DC63A249129850044F5C2 /* LaunchScreen.storyboard in Resources */,
				A11DC637249129850044F5C2 /* Assets.xcassets in Resources */,
				A11DC635249129820044F5C2 /* Main.storyboard in Resources */,
			);
			runOnlyForDeploymentPostprocessing = 0;
		};
/* End PBXResourcesBuildPhase section */

/* Begin PBXSourcesBuildPhase section */
		A11DC626249129820044F5C2 /* Sources */ = {
			isa = PBXSourcesBuildPhase;
			buildActionMask = 2147483647;
			files = (
				A11DC632249129820044F5C2 /* ViewController.swift in Sources */,
				A11DC62E249129820044F5C2 /* AppDelegate.swift in Sources */,
				A11DC630249129820044F5C2 /* SceneDelegate.swift in Sources */,
				A142C752249141B400E8B9B4 /* AnimalDetector.swift in Sources */,
				A142C7502491407700E8B9B4 /* CatDogClassifier.mlmodel in Sources */,
			);
			runOnlyForDeploymentPostprocessing = 0;
		};
/* End PBXSourcesBuildPhase section */

/* Begin PBXVariantGroup section */
		A11DC633249129820044F5C2 /* Main.storyboard */ = {
			isa = PBXVariantGroup;
			children = (
				A11DC634249129820044F5C2 /* Base */,
			);
			name = Main.storyboard;
			sourceTree = "<group>";
		};
		A11DC638249129850044F5C2 /* LaunchScreen.storyboard */ = {
			isa = PBXVariantGroup;
			children = (
				A11DC639249129850044F5C2 /* Base */,
			);
			name = LaunchScreen.storyboard;
			sourceTree = "<group>";
		};
/* End PBXVariantGroup section */

/* Begin XCBuildConfiguration section */
		A11DC63C249129850044F5C2 /* Debug */ = {
			isa = XCBuildConfiguration;
			buildSettings = {
				ALWAYS_SEARCH_USER_PATHS = NO;
				CLANG_ANALYZER_NONNULL = YES;
				CLANG_ANALYZER_NUMBER_OBJECT_CONVERSION = YES_AGGRESSIVE;
				CLANG_CXX_LANGUAGE_STANDARD = "gnu++14";
				CLANG_CXX_LIBRARY = "libc++";
				CLANG_ENABLE_MODULES = YES;
				CLANG_ENABLE_OBJC_ARC = YES;
				CLANG_ENABLE_OBJC_WEAK = YES;
				CLANG_WARN_BLOCK_CAPTURE_AUTORELEASING = YES;
				CLANG_WARN_BOOL_CONVERSION = YES;
				CLANG_WARN_COMMA = YES;
				CLANG_WARN_CONSTANT_CONVERSION = YES;
				CLANG_WARN_DEPRECATED_OBJC_IMPLEMENTATIONS = YES;
				CLANG_WARN_DIRECT_OBJC_ISA_USAGE = YES_ERROR;
				CLANG_WARN_DOCUMENTATION_COMMENTS = YES;
				CLANG_WARN_EMPTY_BODY = YES;
				CLANG_WARN_ENUM_CONVERSION = YES;
				CLANG_WARN_INFINITE_RECURSION = YES;
				CLANG_WARN_INT_CONVERSION = YES;
				CLANG_WARN_NON_LITERAL_NULL_CONVERSION = YES;
				CLANG_WARN_OBJC_IMPLICIT_RETAIN_SELF = YES;
				CLANG_WARN_OBJC_LITERAL_CONVERSION = YES;
				CLANG_WARN_OBJC_ROOT_CLASS = YES_ERROR;
				CLANG_WARN_RANGE_LOOP_ANALYSIS = YES;
				CLANG_WARN_STRICT_PROTOTYPES = YES;
				CLANG_WARN_SUSPICIOUS_MOVE = YES;
				CLANG_WARN_UNGUARDED_AVAILABILITY = YES_AGGRESSIVE;
				CLANG_WARN_UNREACHABLE_CODE = YES;
				CLANG_WARN__DUPLICATE_METHOD_MATCH = YES;
				COPY_PHASE_STRIP = NO;
				DEBUG_INFORMATION_FORMAT = dwarf;
				ENABLE_STRICT_OBJC_MSGSEND = YES;
				ENABLE_TESTABILITY = YES;
				GCC_C_LANGUAGE_STANDARD = gnu11;
				GCC_DYNAMIC_NO_PIC = NO;
				GCC_NO_COMMON_BLOCKS = YES;
				GCC_OPTIMIZATION_LEVEL = 0;
				GCC_PREPROCESSOR_DEFINITIONS = (
					"DEBUG=1",
					"$(inherited)",
				);
				GCC_WARN_64_TO_32_BIT_CONVERSION = YES;
				GCC_WARN_ABOUT_RETURN_TYPE = YES_ERROR;
				GCC_WARN_UNDECLARED_SELECTOR = YES;
				GCC_WARN_UNINITIALIZED_AUTOS = YES_AGGRESSIVE;
				GCC_WARN_UNUSED_FUNCTION = YES;
				GCC_WARN_UNUSED_VARIABLE = YES;
				IPHONEOS_DEPLOYMENT_TARGET = 13.2;
				MTL_ENABLE_DEBUG_INFO = INCLUDE_SOURCE;
				MTL_FAST_MATH = YES;
				ONLY_ACTIVE_ARCH = YES;
				SDKROOT = iphoneos;
				SWIFT_ACTIVE_COMPILATION_CONDITIONS = DEBUG;
				SWIFT_OPTIMIZATION_LEVEL = "-Onone";
			};
			name = Debug;
		};
		A11DC63D249129850044F5C2 /* Release */ = {
			isa = XCBuildConfiguration;
			buildSettings = {
				ALWAYS_SEARCH_USER_PATHS = NO;
				CLANG_ANALYZER_NONNULL = YES;
				CLANG_ANALYZER_NUMBER_OBJECT_CONVERSION = YES_AGGRESSIVE;
				CLANG_CXX_LANGUAGE_STANDARD = "gnu++14";
				CLANG_CXX_LIBRARY = "libc++";
				CLANG_ENABLE_MODULES = YES;
				CLANG_ENABLE_OBJC_ARC = YES;
				CLANG_ENABLE_OBJC_WEAK = YES;
				CLANG_WARN_BLOCK_CAPTURE_AUTORELEASING = YES;
				CLANG_WARN_BOOL_CONVERSION = YES;
				CLANG_WARN_COMMA = YES;
				CLANG_WARN_CONSTANT_CONVERSION = YES;
				CLANG_WARN_DEPRECATED_OBJC_IMPLEMENTATIONS = YES;
				CLANG_WARN_DIRECT_OBJC_ISA_USAGE = YES_ERROR;
				CLANG_WARN_DOCUMENTATION_COMMENTS = YES;
				CLANG_WARN_EMPTY_BODY = YES;
				CLANG_WARN_ENUM_CONVERSION = YES;
				CLANG_WARN_INFINITE_RECURSION = YES;
				CLANG_WARN_INT_CONVERSION = YES;
				CLANG_WARN_NON_LITERAL_NULL_CONVERSION = YES;
				CLANG_WARN_OBJC_IMPLICIT_RETAIN_SELF = YES;
				CLANG_WARN_OBJC_LITERAL_CONVERSION = YES;
				CLANG_WARN_OBJC_ROOT_CLASS = YES_ERROR;
				CLANG_WARN_RANGE_LOOP_ANALYSIS = YES;
				CLANG_WARN_STRICT_PROTOTYPES = YES;
				CLANG_WARN_SUSPICIOUS_MOVE = YES;
				CLANG_WARN_UNGUARDED_AVAILABILITY = YES_AGGRESSIVE;
				CLANG_WARN_UNREACHABLE_CODE = YES;
				CLANG_WARN__DUPLICATE_METHOD_MATCH = YES;
				COPY_PHASE_STRIP = NO;
				DEBUG_INFORMATION_FORMAT = "dwarf-with-dsym";
				ENABLE_NS_ASSERTIONS = NO;
				ENABLE_STRICT_OBJC_MSGSEND = YES;
				GCC_C_LANGUAGE_STANDARD = gnu11;
				GCC_NO_COMMON_BLOCKS = YES;
				GCC_WARN_64_TO_32_BIT_CONVERSION = YES;
				GCC_WARN_ABOUT_RETURN_TYPE = YES_ERROR;
				GCC_WARN_UNDECLARED_SELECTOR = YES;
				GCC_WARN_UNINITIALIZED_AUTOS = YES_AGGRESSIVE;
				GCC_WARN_UNUSED_FUNCTION = YES;
				GCC_WARN_UNUSED_VARIABLE = YES;
				IPHONEOS_DEPLOYMENT_TARGET = 13.2;
				MTL_ENABLE_DEBUG_INFO = NO;
				MTL_FAST_MATH = YES;
				SDKROOT = iphoneos;
				SWIFT_COMPILATION_MODE = wholemodule;
				SWIFT_OPTIMIZATION_LEVEL = "-O";
				VALIDATE_PRODUCT = YES;
			};
			name = Release;
		};
		A11DC63F249129850044F5C2 /* Debug */ = {
			isa = XCBuildConfiguration;
			buildSettings = {
				ASSETCATALOG_COMPILER_APPICON_NAME = AppIcon;
				CODE_SIGN_STYLE = Automatic;
				DEVELOPMENT_TEAM = 9CCFKT7TCF;
				INFOPLIST_FILE = MLDemo/Info.plist;
				LD_RUNPATH_SEARCH_PATHS = (
					"$(inherited)",
					"@executable_path/Frameworks",
				);
				PRODUCT_BUNDLE_IDENTIFIER = com.play.MLDemo;
				PRODUCT_NAME = "$(TARGET_NAME)";
				SWIFT_VERSION = 5.0;
				TARGETED_DEVICE_FAMILY = "1,2";
			};
			name = Debug;
		};
		A11DC640249129850044F5C2 /* Release */ = {
			isa = XCBuildConfiguration;
			buildSettings = {
				ASSETCATALOG_COMPILER_APPICON_NAME = AppIcon;
				CODE_SIGN_STYLE = Automatic;
				DEVELOPMENT_TEAM = 9CCFKT7TCF;
				INFOPLIST_FILE = MLDemo/Info.plist;
				LD_RUNPATH_SEARCH_PATHS = (
					"$(inherited)",
					"@executable_path/Frameworks",
				);
				PRODUCT_BUNDLE_IDENTIFIER = com.play.MLDemo;
				PRODUCT_NAME = "$(TARGET_NAME)";
				SWIFT_VERSION = 5.0;
				TARGETED_DEVICE_FAMILY = "1,2";
			};
			name = Release;
		};
/* End XCBuildConfiguration section */

/* Begin XCConfigurationList section */
		A11DC625249129820044F5C2 /* Build configuration list for PBXProject "MLDemo" */ = {
			isa = XCConfigurationList;
			buildConfigurations = (
				A11DC63C249129850044F5C2 /* Debug */,
				A11DC63D249129850044F5C2 /* Release */,
			);
			defaultConfigurationIsVisible = 0;
			defaultConfigurationName = Release;
		};
		A11DC63E249129850044F5C2 /* Build configuration list for PBXNativeTarget "MLDemo" */ = {
			isa = XCConfigurationList;
			buildConfigurations = (
				A11DC63F249129850044F5C2 /* Debug */,
				A11DC640249129850044F5C2 /* Release */,
			);
			defaultConfigurationIsVisible = 0;
			defaultConfigurationName = Release;
		};
/* End XCConfigurationList section */
	};
	rootObject = A11DC622249129820044F5C2 /* Project object */;
}
